// !$*UTF8*$!
{
	archiveVersion = 1;
	classes = {
	};
	objectVersion = 56;
	objects = {

/* Begin PBXBuildFile section */
		D34F99B52A9305190036661B /* AsyncImage.swift in Sources */ = {isa = PBXBuildFile; fileRef = D34F99B42A9305190036661B /* AsyncImage.swift */; };
		D34F99B72A9307220036661B /* OriginBlock.swift in Sources */ = {isa = PBXBuildFile; fileRef = D34F99B62A9307220036661B /* OriginBlock.swift */; };
		D34F99B92A930D220036661B /* Origin.swift in Sources */ = {isa = PBXBuildFile; fileRef = D34F99B82A930D220036661B /* Origin.swift */; };
		D34F99BB2A9312220036661B /* EpisodsView.swift in Sources */ = {isa = PBXBuildFile; fileRef = D34F99BA2A9312220036661B /* EpisodsView.swift */; };
		D34F99BD2A9313800036661B /* Episode.swift in Sources */ = {isa = PBXBuildFile; fileRef = D34F99BC2A9313800036661B /* Episode.swift */; };
		D34F99BF2A933BE30036661B /* EpisodeCellView.swift in Sources */ = {isa = PBXBuildFile; fileRef = D34F99BE2A933BE30036661B /* EpisodeCellView.swift */; };
		D35B6AE92A90A0D000277A59 /* InfoBlock.swift in Sources */ = {isa = PBXBuildFile; fileRef = D35B6AE82A90A0D000277A59 /* InfoBlock.swift */; };
		D3DC5EE82A8F67610011FAFC /* AppDelegate.swift in Sources */ = {isa = PBXBuildFile; fileRef = D3DC5EE72A8F67610011FAFC /* AppDelegate.swift */; };
		D3DC5EEA2A8F67610011FAFC /* SceneDelegate.swift in Sources */ = {isa = PBXBuildFile; fileRef = D3DC5EE92A8F67610011FAFC /* SceneDelegate.swift */; };
		D3DC5EEC2A8F67610011FAFC /* CharacterListViewController.swift in Sources */ = {isa = PBXBuildFile; fileRef = D3DC5EEB2A8F67610011FAFC /* CharacterListViewController.swift */; };
		D3DC5EF12A8F67630011FAFC /* Assets.xcassets in Resources */ = {isa = PBXBuildFile; fileRef = D3DC5EF02A8F67630011FAFC /* Assets.xcassets */; };
		D3DC5EF42A8F67630011FAFC /* LaunchScreen.storyboard in Resources */ = {isa = PBXBuildFile; fileRef = D3DC5EF22A8F67630011FAFC /* LaunchScreen.storyboard */; };
		D3DC5EFE2A8F72200011FAFC /* Character.swift in Sources */ = {isa = PBXBuildFile; fileRef = D3DC5EFD2A8F72200011FAFC /* Character.swift */; };
		D3DC5F022A8F72610011FAFC /* NetworkManager.swift in Sources */ = {isa = PBXBuildFile; fileRef = D3DC5F012A8F72610011FAFC /* NetworkManager.swift */; };
		D3DC5F072A8F76F00011FAFC /* NetworkError.swift in Sources */ = {isa = PBXBuildFile; fileRef = D3DC5F062A8F76EF0011FAFC /* NetworkError.swift */; };
		D3DC5F0A2A8F98480011FAFC /* TitleSupplementaryView.swift in Sources */ = {isa = PBXBuildFile; fileRef = D3DC5F092A8F98480011FAFC /* TitleSupplementaryView.swift */; };
		D3DC5F0C2A8F98820011FAFC /* ImageLoader.swift in Sources */ = {isa = PBXBuildFile; fileRef = D3DC5F0B2A8F98820011FAFC /* ImageLoader.swift */; };
		D3DC5F0E2A8FA4BF0011FAFC /* CharacterCell.swift in Sources */ = {isa = PBXBuildFile; fileRef = D3DC5F0D2A8FA4BF0011FAFC /* CharacterCell.swift */; };
		D3DC5F102A8FA5C30011FAFC /* ColectionViewViewController.swift in Sources */ = {isa = PBXBuildFile; fileRef = D3DC5F0F2A8FA5C30011FAFC /* ColectionViewViewController.swift */; };
		D3DC5F132A8FB8A00011FAFC /* ViewController+Extension.swift in Sources */ = {isa = PBXBuildFile; fileRef = D3DC5F122A8FB8A00011FAFC /* ViewController+Extension.swift */; };
		D3DC5F162A9091310011FAFC /* CharacterDetailViewModel.swift in Sources */ = {isa = PBXBuildFile; fileRef = D3DC5F152A9091310011FAFC /* CharacterDetailViewModel.swift */; };
		D3DC5F182A9091430011FAFC /* CharacterDetailView.swift in Sources */ = {isa = PBXBuildFile; fileRef = D3DC5F172A9091430011FAFC /* CharacterDetailView.swift */; };
/* End PBXBuildFile section */

/* Begin PBXFileReference section */
		D34F99B42A9305190036661B /* AsyncImage.swift */ = {isa = PBXFileReference; lastKnownFileType = sourcecode.swift; path = AsyncImage.swift; sourceTree = "<group>"; };
		D34F99B62A9307220036661B /* OriginBlock.swift */ = {isa = PBXFileReference; lastKnownFileType = sourcecode.swift; path = OriginBlock.swift; sourceTree = "<group>"; };
		D34F99B82A930D220036661B /* Origin.swift */ = {isa = PBXFileReference; lastKnownFileType = sourcecode.swift; path = Origin.swift; sourceTree = "<group>"; };
		D34F99BA2A9312220036661B /* EpisodsView.swift */ = {isa = PBXFileReference; lastKnownFileType = sourcecode.swift; path = EpisodsView.swift; sourceTree = "<group>"; };
		D34F99BC2A9313800036661B /* Episode.swift */ = {isa = PBXFileReference; lastKnownFileType = sourcecode.swift; path = Episode.swift; sourceTree = "<group>"; };
		D34F99BE2A933BE30036661B /* EpisodeCellView.swift */ = {isa = PBXFileReference; lastKnownFileType = sourcecode.swift; path = EpisodeCellView.swift; sourceTree = "<group>"; };
		D35B6AE82A90A0D000277A59 /* InfoBlock.swift */ = {isa = PBXFileReference; lastKnownFileType = sourcecode.swift; path = InfoBlock.swift; sourceTree = "<group>"; };
		D3DC5EE42A8F67610011FAFC /* rick&MortyMiniApp.app */ = {isa = PBXFileReference; explicitFileType = wrapper.application; includeInIndex = 0; path = "rick&MortyMiniApp.app"; sourceTree = BUILT_PRODUCTS_DIR; };
		D3DC5EE72A8F67610011FAFC /* AppDelegate.swift */ = {isa = PBXFileReference; lastKnownFileType = sourcecode.swift; path = AppDelegate.swift; sourceTree = "<group>"; };
		D3DC5EE92A8F67610011FAFC /* SceneDelegate.swift */ = {isa = PBXFileReference; lastKnownFileType = sourcecode.swift; path = SceneDelegate.swift; sourceTree = "<group>"; };
		D3DC5EEB2A8F67610011FAFC /* CharacterListViewController.swift */ = {isa = PBXFileReference; lastKnownFileType = sourcecode.swift; path = CharacterListViewController.swift; sourceTree = "<group>"; };
		D3DC5EF02A8F67630011FAFC /* Assets.xcassets */ = {isa = PBXFileReference; lastKnownFileType = folder.assetcatalog; path = Assets.xcassets; sourceTree = "<group>"; };
		D3DC5EF32A8F67630011FAFC /* Base */ = {isa = PBXFileReference; lastKnownFileType = file.storyboard; name = Base; path = Base.lproj/LaunchScreen.storyboard; sourceTree = "<group>"; };
		D3DC5EF52A8F67630011FAFC /* Info.plist */ = {isa = PBXFileReference; lastKnownFileType = text.plist.xml; path = Info.plist; sourceTree = "<group>"; };
		D3DC5EFD2A8F72200011FAFC /* Character.swift */ = {isa = PBXFileReference; lastKnownFileType = sourcecode.swift; path = Character.swift; sourceTree = "<group>"; };
		D3DC5F012A8F72610011FAFC /* NetworkManager.swift */ = {isa = PBXFileReference; lastKnownFileType = sourcecode.swift; path = NetworkManager.swift; sourceTree = "<group>"; };
		D3DC5F062A8F76EF0011FAFC /* NetworkError.swift */ = {isa = PBXFileReference; lastKnownFileType = sourcecode.swift; path = NetworkError.swift; sourceTree = "<group>"; };
		D3DC5F092A8F98480011FAFC /* TitleSupplementaryView.swift */ = {isa = PBXFileReference; lastKnownFileType = sourcecode.swift; path = TitleSupplementaryView.swift; sourceTree = "<group>"; };
		D3DC5F0B2A8F98820011FAFC /* ImageLoader.swift */ = {isa = PBXFileReference; lastKnownFileType = sourcecode.swift; path = ImageLoader.swift; sourceTree = "<group>"; };
		D3DC5F0D2A8FA4BF0011FAFC /* CharacterCell.swift */ = {isa = PBXFileReference; lastKnownFileType = sourcecode.swift; path = CharacterCell.swift; sourceTree = "<group>"; };
		D3DC5F0F2A8FA5C30011FAFC /* ColectionViewViewController.swift */ = {isa = PBXFileReference; lastKnownFileType = sourcecode.swift; path = ColectionViewViewController.swift; sourceTree = "<group>"; };
		D3DC5F122A8FB8A00011FAFC /* ViewController+Extension.swift */ = {isa = PBXFileReference; lastKnownFileType = sourcecode.swift; path = "ViewController+Extension.swift"; sourceTree = "<group>"; };
		D3DC5F152A9091310011FAFC /* CharacterDetailViewModel.swift */ = {isa = PBXFileReference; lastKnownFileType = sourcecode.swift; path = CharacterDetailViewModel.swift; sourceTree = "<group>"; };
		D3DC5F172A9091430011FAFC /* CharacterDetailView.swift */ = {isa = PBXFileReference; lastKnownFileType = sourcecode.swift; path = CharacterDetailView.swift; sourceTree = "<group>"; };
/* End PBXFileReference section */

/* Begin PBXFrameworksBuildPhase section */
		D3DC5EE12A8F67610011FAFC /* Frameworks */ = {
			isa = PBXFrameworksBuildPhase;
			buildActionMask = 2147483647;
			files = (
			);
			runOnlyForDeploymentPostprocessing = 0;
		};
/* End PBXFrameworksBuildPhase section */

/* Begin PBXGroup section */
		D3DC5EDB2A8F67610011FAFC = {
			isa = PBXGroup;
			children = (
				D3DC5EE62A8F67610011FAFC /* rick&MortyMiniApp */,
				D3DC5EE52A8F67610011FAFC /* Products */,
			);
			sourceTree = "<group>";
		};
		D3DC5EE52A8F67610011FAFC /* Products */ = {
			isa = PBXGroup;
			children = (
				D3DC5EE42A8F67610011FAFC /* rick&MortyMiniApp.app */,
			);
			name = Products;
			sourceTree = "<group>";
		};
		D3DC5EE62A8F67610011FAFC /* rick&MortyMiniApp */ = {
			isa = PBXGroup;
			children = (
				D3DC5F142A9091220011FAFC /* SwiftUI */,
				D3DC5F112A8FB8970011FAFC /* Extension */,
				D3DC5F032A8F72BA0011FAFC /* Enum */,
				D3DC5EFC2A8F720B0011FAFC /* Controllers */,
				D3DC5F082A8F98360011FAFC /* Views */,
				D3DC5EFF2A8F722D0011FAFC /* Models */,
				D3DC5F002A8F72360011FAFC /* Network */,
				D3DC5EFB2A8F71FB0011FAFC /* SupportFiles */,
				D3DC5EF02A8F67630011FAFC /* Assets.xcassets */,
				D3DC5EF22A8F67630011FAFC /* LaunchScreen.storyboard */,
				D3DC5EF52A8F67630011FAFC /* Info.plist */,
			);
			path = "rick&MortyMiniApp";
			sourceTree = "<group>";
		};
		D3DC5EFB2A8F71FB0011FAFC /* SupportFiles */ = {
			isa = PBXGroup;
			children = (
				D3DC5EE72A8F67610011FAFC /* AppDelegate.swift */,
				D3DC5EE92A8F67610011FAFC /* SceneDelegate.swift */,
			);
			path = SupportFiles;
			sourceTree = "<group>";
		};
		D3DC5EFC2A8F720B0011FAFC /* Controllers */ = {
			isa = PBXGroup;
			children = (
				D3DC5EEB2A8F67610011FAFC /* CharacterListViewController.swift */,
			);
			path = Controllers;
			sourceTree = "<group>";
		};
		D3DC5EFF2A8F722D0011FAFC /* Models */ = {
			isa = PBXGroup;
			children = (
				D3DC5EFD2A8F72200011FAFC /* Character.swift */,
				D34F99B82A930D220036661B /* Origin.swift */,
				D34F99BC2A9313800036661B /* Episode.swift */,
			);
			path = Models;
			sourceTree = "<group>";
		};
		D3DC5F002A8F72360011FAFC /* Network */ = {
			isa = PBXGroup;
			children = (
				D3DC5F012A8F72610011FAFC /* NetworkManager.swift */,
				D3DC5F0B2A8F98820011FAFC /* ImageLoader.swift */,
			);
			path = Network;
			sourceTree = "<group>";
		};
		D3DC5F032A8F72BA0011FAFC /* Enum */ = {
			isa = PBXGroup;
			children = (
				D3DC5F062A8F76EF0011FAFC /* NetworkError.swift */,
			);
			path = Enum;
			sourceTree = "<group>";
		};
		D3DC5F082A8F98360011FAFC /* Views */ = {
			isa = PBXGroup;
			children = (
				D3DC5F0F2A8FA5C30011FAFC /* ColectionViewViewController.swift */,
				D3DC5F092A8F98480011FAFC /* TitleSupplementaryView.swift */,
				D3DC5F0D2A8FA4BF0011FAFC /* CharacterCell.swift */,
			);
			path = Views;
			sourceTree = "<group>";
		};
		D3DC5F112A8FB8970011FAFC /* Extension */ = {
			isa = PBXGroup;
			children = (
				D3DC5F122A8FB8A00011FAFC /* ViewController+Extension.swift */,
			);
			path = Extension;
			sourceTree = "<group>";
		};
		D3DC5F142A9091220011FAFC /* SwiftUI */ = {
			isa = PBXGroup;
			children = (
				D3DC5F1A2A9091810011FAFC /* ViewModel */,
				D3DC5F192A9091760011FAFC /* View */,
			);
			path = SwiftUI;
			sourceTree = "<group>";
		};
		D3DC5F192A9091760011FAFC /* View */ = {
			isa = PBXGroup;
			children = (
				D3DC5F172A9091430011FAFC /* CharacterDetailView.swift */,
				D34F99B42A9305190036661B /* AsyncImage.swift */,
				D35B6AE82A90A0D000277A59 /* InfoBlock.swift */,
				D34F99B62A9307220036661B /* OriginBlock.swift */,
				D34F99BA2A9312220036661B /* EpisodsView.swift */,
				D34F99BE2A933BE30036661B /* EpisodeCellView.swift */,
			);
			path = View;
			sourceTree = "<group>";
		};
		D3DC5F1A2A9091810011FAFC /* ViewModel */ = {
			isa = PBXGroup;
			children = (
				D3DC5F152A9091310011FAFC /* CharacterDetailViewModel.swift */,
			);
			name = ViewModel;
			sourceTree = "<group>";
		};
/* End PBXGroup section */

/* Begin PBXNativeTarget section */
		D3DC5EE32A8F67610011FAFC /* rick&MortyMiniApp */ = {
			isa = PBXNativeTarget;
			buildConfigurationList = D3DC5EF82A8F67630011FAFC /* Build configuration list for PBXNativeTarget "rick&MortyMiniApp" */;
			buildPhases = (
				D3DC5EE02A8F67610011FAFC /* Sources */,
				D3DC5EE12A8F67610011FAFC /* Frameworks */,
				D3DC5EE22A8F67610011FAFC /* Resources */,
			);
			buildRules = (
			);
			dependencies = (
			);
			name = "rick&MortyMiniApp";
			productName = "rick&MortyMiniApp";
			productReference = D3DC5EE42A8F67610011FAFC /* rick&MortyMiniApp.app */;
			productType = "com.apple.product-type.application";
		};
/* End PBXNativeTarget section */

/* Begin PBXProject section */
		D3DC5EDC2A8F67610011FAFC /* Project object */ = {
			isa = PBXProject;
			attributes = {
				BuildIndependentTargetsInParallel = 1;
				LastSwiftUpdateCheck = 1430;
				LastUpgradeCheck = 1430;
				TargetAttributes = {
					D3DC5EE32A8F67610011FAFC = {
						CreatedOnToolsVersion = 14.3.1;
					};
				};
			};
			buildConfigurationList = D3DC5EDF2A8F67610011FAFC /* Build configuration list for PBXProject "rick&MortyMiniApp" */;
			compatibilityVersion = "Xcode 14.0";
			developmentRegion = en;
			hasScannedForEncodings = 0;
			knownRegions = (
				en,
				Base,
			);
			mainGroup = D3DC5EDB2A8F67610011FAFC;
			productRefGroup = D3DC5EE52A8F67610011FAFC /* Products */;
			projectDirPath = "";
			projectRoot = "";
			targets = (
				D3DC5EE32A8F67610011FAFC /* rick&MortyMiniApp */,
			);
		};
/* End PBXProject section */

/* Begin PBXResourcesBuildPhase section */
		D3DC5EE22A8F67610011FAFC /* Resources */ = {
			isa = PBXResourcesBuildPhase;
			buildActionMask = 2147483647;
			files = (
				D3DC5EF42A8F67630011FAFC /* LaunchScreen.storyboard in Resources */,
				D3DC5EF12A8F67630011FAFC /* Assets.xcassets in Resources */,
			);
			runOnlyForDeploymentPostprocessing = 0;
		};
/* End PBXResourcesBuildPhase section */

/* Begin PBXSourcesBuildPhase section */
		D3DC5EE02A8F67610011FAFC /* Sources */ = {
			isa = PBXSourcesBuildPhase;
			buildActionMask = 2147483647;
			files = (
				D34F99B72A9307220036661B /* OriginBlock.swift in Sources */,
				D3DC5F072A8F76F00011FAFC /* NetworkError.swift in Sources */,
				D3DC5EEC2A8F67610011FAFC /* CharacterListViewController.swift in Sources */,
				D3DC5EE82A8F67610011FAFC /* AppDelegate.swift in Sources */,
				D3DC5F182A9091430011FAFC /* CharacterDetailView.swift in Sources */,
				D34F99B92A930D220036661B /* Origin.swift in Sources */,
				D3DC5F102A8FA5C30011FAFC /* ColectionViewViewController.swift in Sources */,
				D3DC5F022A8F72610011FAFC /* NetworkManager.swift in Sources */,
				D3DC5F0E2A8FA4BF0011FAFC /* CharacterCell.swift in Sources */,
				D34F99BF2A933BE30036661B /* EpisodeCellView.swift in Sources */,
				D3DC5F0C2A8F98820011FAFC /* ImageLoader.swift in Sources */,
				D3DC5F132A8FB8A00011FAFC /* ViewController+Extension.swift in Sources */,
				D35B6AE92A90A0D000277A59 /* InfoBlock.swift in Sources */,
				D34F99BD2A9313800036661B /* Episode.swift in Sources */,
				D3DC5F0A2A8F98480011FAFC /* TitleSupplementaryView.swift in Sources */,
				D34F99BB2A9312220036661B /* EpisodsView.swift in Sources */,
				D34F99B52A9305190036661B /* AsyncImage.swift in Sources */,
				D3DC5EEA2A8F67610011FAFC /* SceneDelegate.swift in Sources */,
				D3DC5F162A9091310011FAFC /* CharacterDetailViewModel.swift in Sources */,
				D3DC5EFE2A8F72200011FAFC /* Character.swift in Sources */,
			);
			runOnlyForDeploymentPostprocessing = 0;
		};
/* End PBXSourcesBuildPhase section */

/* Begin PBXVariantGroup section */
		D3DC5EF22A8F67630011FAFC /* LaunchScreen.storyboard */ = {
			isa = PBXVariantGroup;
			children = (
				D3DC5EF32A8F67630011FAFC /* Base */,
			);
			name = LaunchScreen.storyboard;
			sourceTree = "<group>";
		};
/* End PBXVariantGroup section */

/* Begin XCBuildConfiguration section */
		D3DC5EF62A8F67630011FAFC /* Debug */ = {
			isa = XCBuildConfiguration;
			buildSettings = {
				ALWAYS_SEARCH_USER_PATHS = NO;
				CLANG_ANALYZER_NONNULL = YES;
				CLANG_ANALYZER_NUMBER_OBJECT_CONVERSION = YES_AGGRESSIVE;
				CLANG_CXX_LANGUAGE_STANDARD = "gnu++20";
				CLANG_ENABLE_MODULES = YES;
				CLANG_ENABLE_OBJC_ARC = YES;
				CLANG_ENABLE_OBJC_WEAK = YES;
				CLANG_WARN_BLOCK_CAPTURE_AUTORELEASING = YES;
				CLANG_WARN_BOOL_CONVERSION = YES;
				CLANG_WARN_COMMA = YES;
				CLANG_WARN_CONSTANT_CONVERSION = YES;
				CLANG_WARN_DEPRECATED_OBJC_IMPLEMENTATIONS = YES;
				CLANG_WARN_DIRECT_OBJC_ISA_USAGE = YES_ERROR;
				CLANG_WARN_DOCUMENTATION_COMMENTS = YES;
				CLANG_WARN_EMPTY_BODY = YES;
				CLANG_WARN_ENUM_CONVERSION = YES;
				CLANG_WARN_INFINITE_RECURSION = YES;
				CLANG_WARN_INT_CONVERSION = YES;
				CLANG_WARN_NON_LITERAL_NULL_CONVERSION = YES;
				CLANG_WARN_OBJC_IMPLICIT_RETAIN_SELF = YES;
				CLANG_WARN_OBJC_LITERAL_CONVERSION = YES;
				CLANG_WARN_OBJC_ROOT_CLASS = YES_ERROR;
				CLANG_WARN_QUOTED_INCLUDE_IN_FRAMEWORK_HEADER = YES;
				CLANG_WARN_RANGE_LOOP_ANALYSIS = YES;
				CLANG_WARN_STRICT_PROTOTYPES = YES;
				CLANG_WARN_SUSPICIOUS_MOVE = YES;
				CLANG_WARN_UNGUARDED_AVAILABILITY = YES_AGGRESSIVE;
				CLANG_WARN_UNREACHABLE_CODE = YES;
				CLANG_WARN__DUPLICATE_METHOD_MATCH = YES;
				COPY_PHASE_STRIP = NO;
				DEBUG_INFORMATION_FORMAT = dwarf;
				ENABLE_STRICT_OBJC_MSGSEND = YES;
				ENABLE_TESTABILITY = YES;
				GCC_C_LANGUAGE_STANDARD = gnu11;
				GCC_DYNAMIC_NO_PIC = NO;
				GCC_NO_COMMON_BLOCKS = YES;
				GCC_OPTIMIZATION_LEVEL = 0;
				GCC_PREPROCESSOR_DEFINITIONS = (
					"DEBUG=1",
					"$(inherited)",
				);
				GCC_WARN_64_TO_32_BIT_CONVERSION = YES;
				GCC_WARN_ABOUT_RETURN_TYPE = YES_ERROR;
				GCC_WARN_UNDECLARED_SELECTOR = YES;
				GCC_WARN_UNINITIALIZED_AUTOS = YES_AGGRESSIVE;
				GCC_WARN_UNUSED_FUNCTION = YES;
				GCC_WARN_UNUSED_VARIABLE = YES;
				IPHONEOS_DEPLOYMENT_TARGET = 15.0;
				MTL_ENABLE_DEBUG_INFO = INCLUDE_SOURCE;
				MTL_FAST_MATH = YES;
				ONLY_ACTIVE_ARCH = YES;
				SDKROOT = iphoneos;
				SWIFT_ACTIVE_COMPILATION_CONDITIONS = DEBUG;
				SWIFT_OPTIMIZATION_LEVEL = "-Onone";
			};
			name = Debug;
		};
		D3DC5EF72A8F67630011FAFC /* Release */ = {
			isa = XCBuildConfiguration;
			buildSettings = {
				ALWAYS_SEARCH_USER_PATHS = NO;
				CLANG_ANALYZER_NONNULL = YES;
				CLANG_ANALYZER_NUMBER_OBJECT_CONVERSION = YES_AGGRESSIVE;
				CLANG_CXX_LANGUAGE_STANDARD = "gnu++20";
				CLANG_ENABLE_MODULES = YES;
				CLANG_ENABLE_OBJC_ARC = YES;
				CLANG_ENABLE_OBJC_WEAK = YES;
				CLANG_WARN_BLOCK_CAPTURE_AUTORELEASING = YES;
				CLANG_WARN_BOOL_CONVERSION = YES;
				CLANG_WARN_COMMA = YES;
				CLANG_WARN_CONSTANT_CONVERSION = YES;
				CLANG_WARN_DEPRECATED_OBJC_IMPLEMENTATIONS = YES;
				CLANG_WARN_DIRECT_OBJC_ISA_USAGE = YES_ERROR;
				CLANG_WARN_DOCUMENTATION_COMMENTS = YES;
				CLANG_WARN_EMPTY_BODY = YES;
				CLANG_WARN_ENUM_CONVERSION = YES;
				CLANG_WARN_INFINITE_RECURSION = YES;
				CLANG_WARN_INT_CONVERSION = YES;
				CLANG_WARN_NON_LITERAL_NULL_CONVERSION = YES;
				CLANG_WARN_OBJC_IMPLICIT_RETAIN_SELF = YES;
				CLANG_WARN_OBJC_LITERAL_CONVERSION = YES;
				CLANG_WARN_OBJC_ROOT_CLASS = YES_ERROR;
				CLANG_WARN_QUOTED_INCLUDE_IN_FRAMEWORK_HEADER = YES;
				CLANG_WARN_RANGE_LOOP_ANALYSIS = YES;
				CLANG_WARN_STRICT_PROTOTYPES = YES;
				CLANG_WARN_SUSPICIOUS_MOVE = YES;
				CLANG_WARN_UNGUARDED_AVAILABILITY = YES_AGGRESSIVE;
				CLANG_WARN_UNREACHABLE_CODE = YES;
				CLANG_WARN__DUPLICATE_METHOD_MATCH = YES;
				COPY_PHASE_STRIP = NO;
				DEBUG_INFORMATION_FORMAT = "dwarf-with-dsym";
				ENABLE_NS_ASSERTIONS = NO;
				ENABLE_STRICT_OBJC_MSGSEND = YES;
				GCC_C_LANGUAGE_STANDARD = gnu11;
				GCC_NO_COMMON_BLOCKS = YES;
				GCC_WARN_64_TO_32_BIT_CONVERSION = YES;
				GCC_WARN_ABOUT_RETURN_TYPE = YES_ERROR;
				GCC_WARN_UNDECLARED_SELECTOR = YES;
				GCC_WARN_UNINITIALIZED_AUTOS = YES_AGGRESSIVE;
				GCC_WARN_UNUSED_FUNCTION = YES;
				GCC_WARN_UNUSED_VARIABLE = YES;
				IPHONEOS_DEPLOYMENT_TARGET = 15.0;
				MTL_ENABLE_DEBUG_INFO = NO;
				MTL_FAST_MATH = YES;
				SDKROOT = iphoneos;
				SWIFT_COMPILATION_MODE = wholemodule;
				SWIFT_OPTIMIZATION_LEVEL = "-O";
				VALIDATE_PRODUCT = YES;
			};
			name = Release;
		};
		D3DC5EF92A8F67630011FAFC /* Debug */ = {
			isa = XCBuildConfiguration;
			buildSettings = {
				ASSETCATALOG_COMPILER_APPICON_NAME = AppIcon;
				ASSETCATALOG_COMPILER_GLOBAL_ACCENT_COLOR_NAME = AccentColor;
				CODE_SIGN_STYLE = Automatic;
				CURRENT_PROJECT_VERSION = 1;
				DEVELOPMENT_TEAM = 4C3GNH695T;
				GENERATE_INFOPLIST_FILE = YES;
				INFOPLIST_FILE = "rick&MortyMiniApp/Info.plist";
				INFOPLIST_KEY_UIApplicationSupportsIndirectInputEvents = YES;
				INFOPLIST_KEY_UILaunchStoryboardName = LaunchScreen;
				INFOPLIST_KEY_UISupportedInterfaceOrientations = UIInterfaceOrientationPortrait;
				INFOPLIST_KEY_UISupportedInterfaceOrientations_iPad = "UIInterfaceOrientationLandscapeLeft UIInterfaceOrientationLandscapeRight UIInterfaceOrientationPortrait UIInterfaceOrientationPortraitUpsideDown";
				IPHONEOS_DEPLOYMENT_TARGET = 15.0;
				LD_RUNPATH_SEARCH_PATHS = (
					"$(inherited)",
					"@executable_path/Frameworks",
				);
				MARKETING_VERSION = 1.0;
				PRODUCT_BUNDLE_IDENTIFIER = "miromanovsky.rick-MortyMiniApp";
				PRODUCT_NAME = "$(TARGET_NAME)";
				SUPPORTED_PLATFORMS = "iphoneos iphonesimulator";
				SUPPORTS_MACCATALYST = NO;
				SUPPORTS_MAC_DESIGNED_FOR_IPHONE_IPAD = NO;
				SWIFT_EMIT_LOC_STRINGS = YES;
				SWIFT_VERSION = 5.0;
				TARGETED_DEVICE_FAMILY = 1;
			};
			name = Debug;
		};
		D3DC5EFA2A8F67630011FAFC /* Release */ = {
			isa = XCBuildConfiguration;
			buildSettings = {
				ASSETCATALOG_COMPILER_APPICON_NAME = AppIcon;
				ASSETCATALOG_COMPILER_GLOBAL_ACCENT_COLOR_NAME = AccentColor;
				CODE_SIGN_STYLE = Automatic;
				CURRENT_PROJECT_VERSION = 1;
				DEVELOPMENT_TEAM = 4C3GNH695T;
				GENERATE_INFOPLIST_FILE = YES;
				INFOPLIST_FILE = "rick&MortyMiniApp/Info.plist";
				INFOPLIST_KEY_UIApplicationSupportsIndirectInputEvents = YES;
				INFOPLIST_KEY_UILaunchStoryboardName = LaunchScreen;
				INFOPLIST_KEY_UISupportedInterfaceOrientations = UIInterfaceOrientationPortrait;
				INFOPLIST_KEY_UISupportedInterfaceOrientations_iPad = "UIInterfaceOrientationLandscapeLeft UIInterfaceOrientationLandscapeRight UIInterfaceOrientationPortrait UIInterfaceOrientationPortraitUpsideDown";
				IPHONEOS_DEPLOYMENT_TARGET = 15.0;
				LD_RUNPATH_SEARCH_PATHS = (
					"$(inherited)",
					"@executable_path/Frameworks",
				);
				MARKETING_VERSION = 1.0;
				PRODUCT_BUNDLE_IDENTIFIER = "miromanovsky.rick-MortyMiniApp";
				PRODUCT_NAME = "$(TARGET_NAME)";
				SUPPORTED_PLATFORMS = "iphoneos iphonesimulator";
				SUPPORTS_MACCATALYST = NO;
				SUPPORTS_MAC_DESIGNED_FOR_IPHONE_IPAD = NO;
				SWIFT_EMIT_LOC_STRINGS = YES;
				SWIFT_VERSION = 5.0;
				TARGETED_DEVICE_FAMILY = 1;
			};
			name = Release;
		};
/* End XCBuildConfiguration section */

/* Begin XCConfigurationList section */
		D3DC5EDF2A8F67610011FAFC /* Build configuration list for PBXProject "rick&MortyMiniApp" */ = {
			isa = XCConfigurationList;
			buildConfigurations = (
				D3DC5EF62A8F67630011FAFC /* Debug */,
				D3DC5EF72A8F67630011FAFC /* Release */,
			);
			defaultConfigurationIsVisible = 0;
			defaultConfigurationName = Release;
		};
		D3DC5EF82A8F67630011FAFC /* Build configuration list for PBXNativeTarget "rick&MortyMiniApp" */ = {
			isa = XCConfigurationList;
			buildConfigurations = (
				D3DC5EF92A8F67630011FAFC /* Debug */,
				D3DC5EFA2A8F67630011FAFC /* Release */,
			);
			defaultConfigurationIsVisible = 0;
			defaultConfigurationName = Release;
		};
/* End XCConfigurationList section */
	};
	rootObject = D3DC5EDC2A8F67610011FAFC /* Project object */;
}
